
Microsoft Visual Studio Solution File, Format Version 12.00
# Visual Studio 15
VisualStudioVersion = 15.0.28307.779
MinimumVisualStudioVersion = 10.0.40219.1
Project("{FAE04EC0-301F-11D3-BF4B-00C04F79EFBC}") = "certcheck", "certcheck.csproj", "{67D84A25-0DB5-4D17-917A-BFCDB00B7FAE}"
EndProject
Global
	GlobalSection(SolutionConfigurationPlatforms) = preSolution
		Debug|Any CPU = Debug|Any CPU
		Release|Any CPU = Release|Any CPU
	EndGlobalSection
	GlobalSection(ProjectConfigurationPlatforms) = postSolution
		{67D84A25-0DB5-4D17-917A-BFCDB00B7FAE}.Debug|Any CPU.ActiveCfg = Debug|Any CPU
		{67D84A25-0DB5-4D17-917A-BFCDB00B7FAE}.Debug|Any CPU.Build.0 = Debug|Any CPU
		{67D84A25-0DB5-4D17-917A-BFCDB00B7FAE}.Release|Any CPU.ActiveCfg = Release|Any CPU
		{67D84A25-0DB5-4D17-917A-BFCDB00B7FAE}.Release|Any CPU.Build.0 = Release|Any CPU
	EndGlobalSection
	GlobalSection(SolutionProperties) = preSolution
		HideSolutionNode = FALSE
	EndGlobalSection
	GlobalSection(ExtensibilityGlobals) = postSolution
		SolutionGuid = {BC2FA456-2142-4D38-ABF0-C83952A38C98}
	EndGlobalSection
EndGlobal
